// !$*UTF8*$!
{
	archiveVersion = 1;
	classes = {
	};
	objectVersion = 46;
	objects = {

/* Begin PBXBuildFile section */
		F771DC061C30E8D5001AB2E3 /* AppDelegate.swift in Sources */ = {isa = PBXBuildFile; fileRef = F771DC051C30E8D5001AB2E3 /* AppDelegate.swift */; };
		F771DC081C30E8D5001AB2E3 /* ViewController.swift in Sources */ = {isa = PBXBuildFile; fileRef = F771DC071C30E8D5001AB2E3 /* ViewController.swift */; };
		F771DC0B1C30E8D5001AB2E3 /* Main.storyboard in Resources */ = {isa = PBXBuildFile; fileRef = F771DC091C30E8D5001AB2E3 /* Main.storyboard */; };
		F771DC0D1C30E8D5001AB2E3 /* Assets.xcassets in Resources */ = {isa = PBXBuildFile; fileRef = F771DC0C1C30E8D5001AB2E3 /* Assets.xcassets */; };
		F771DC101C30E8D5001AB2E3 /* LaunchScreen.storyboard in Resources */ = {isa = PBXBuildFile; fileRef = F771DC0E1C30E8D5001AB2E3 /* LaunchScreen.storyboard */; };
		F771DC1B1C30E8D5001AB2E3 /* SuperCoolTests.swift in Sources */ = {isa = PBXBuildFile; fileRef = F771DC1A1C30E8D5001AB2E3 /* SuperCoolTests.swift */; };
		F771DC261C30E8D5001AB2E3 /* SuperCoolUITests.swift in Sources */ = {isa = PBXBuildFile; fileRef = F771DC251C30E8D5001AB2E3 /* SuperCoolUITests.swift */; };
/* End PBXBuildFile section */

/* Begin PBXContainerItemProxy section */
		F771DC171C30E8D5001AB2E3 /* PBXContainerItemProxy */ = {
			isa = PBXContainerItemProxy;
			containerPortal = F771DBFA1C30E8D5001AB2E3 /* Project object */;
			proxyType = 1;
			remoteGlobalIDString = F771DC011C30E8D5001AB2E3;
			remoteInfo = SuperCool;
		};
		F771DC221C30E8D5001AB2E3 /* PBXContainerItemProxy */ = {
			isa = PBXContainerItemProxy;
			containerPortal = F771DBFA1C30E8D5001AB2E3 /* Project object */;
			proxyType = 1;
			remoteGlobalIDString = F771DC011C30E8D5001AB2E3;
			remoteInfo = SuperCool;
		};
/* End PBXContainerItemProxy section */

/* Begin PBXFileReference section */
		F771DC021C30E8D5001AB2E3 /* SuperCool.app */ = {isa = PBXFileReference; explicitFileType = wrapper.application; includeInIndex = 0; path = SuperCool.app; sourceTree = BUILT_PRODUCTS_DIR; };
		F771DC051C30E8D5001AB2E3 /* AppDelegate.swift */ = {isa = PBXFileReference; lastKnownFileType = sourcecode.swift; path = AppDelegate.swift; sourceTree = "<group>"; };
		F771DC071C30E8D5001AB2E3 /* ViewController.swift */ = {isa = PBXFileReference; lastKnownFileType = sourcecode.swift; path = ViewController.swift; sourceTree = "<group>"; };
		F771DC0A1C30E8D5001AB2E3 /* Base */ = {isa = PBXFileReference; lastKnownFileType = file.storyboard; name = Base; path = Base.lproj/Main.storyboard; sourceTree = "<group>"; };
		F771DC0C1C30E8D5001AB2E3 /* Assets.xcassets */ = {isa = PBXFileReference; lastKnownFileType = folder.assetcatalog; path = Assets.xcassets; sourceTree = "<group>"; };
		F771DC0F1C30E8D5001AB2E3 /* Base */ = {isa = PBXFileReference; lastKnownFileType = file.storyboard; name = Base; path = Base.lproj/LaunchScreen.storyboard; sourceTree = "<group>"; };
		F771DC111C30E8D5001AB2E3 /* Info.plist */ = {isa = PBXFileReference; lastKnownFileType = text.plist.xml; path = Info.plist; sourceTree = "<group>"; };
		F771DC161C30E8D5001AB2E3 /* SuperCoolTests.xctest */ = {isa = PBXFileReference; explicitFileType = wrapper.cfbundle; includeInIndex = 0; path = SuperCoolTests.xctest; sourceTree = BUILT_PRODUCTS_DIR; };
		F771DC1A1C30E8D5001AB2E3 /* SuperCoolTests.swift */ = {isa = PBXFileReference; lastKnownFileType = sourcecode.swift; path = SuperCoolTests.swift; sourceTree = "<group>"; };
		F771DC1C1C30E8D5001AB2E3 /* Info.plist */ = {isa = PBXFileReference; lastKnownFileType = text.plist.xml; path = Info.plist; sourceTree = "<group>"; };
		F771DC211C30E8D5001AB2E3 /* SuperCoolUITests.xctest */ = {isa = PBXFileReference; explicitFileType = wrapper.cfbundle; includeInIndex = 0; path = SuperCoolUITests.xctest; sourceTree = BUILT_PRODUCTS_DIR; };
		F771DC251C30E8D5001AB2E3 /* SuperCoolUITests.swift */ = {isa = PBXFileReference; lastKnownFileType = sourcecode.swift; path = SuperCoolUITests.swift; sourceTree = "<group>"; };
		F771DC271C30E8D5001AB2E3 /* Info.plist */ = {isa = PBXFileReference; lastKnownFileType = text.plist.xml; path = Info.plist; sourceTree = "<group>"; };
/* End PBXFileReference section */

/* Begin PBXFrameworksBuildPhase section */
		F771DBFF1C30E8D5001AB2E3 /* Frameworks */ = {
			isa = PBXFrameworksBuildPhase;
			buildActionMask = 2147483647;
			files = (
			);
			runOnlyForDeploymentPostprocessing = 0;
		};
		F771DC131C30E8D5001AB2E3 /* Frameworks */ = {
			isa = PBXFrameworksBuildPhase;
			buildActionMask = 2147483647;
			files = (
			);
			runOnlyForDeploymentPostprocessing = 0;
		};
		F771DC1E1C30E8D5001AB2E3 /* Frameworks */ = {
			isa = PBXFrameworksBuildPhase;
			buildActionMask = 2147483647;
			files = (
			);
			runOnlyForDeploymentPostprocessing = 0;
		};
/* End PBXFrameworksBuildPhase section */

/* Begin PBXGroup section */
		F771DBF91C30E8D5001AB2E3 = {
			isa = PBXGroup;
			children = (
				F771DC041C30E8D5001AB2E3 /* SuperCool */,
				F771DC191C30E8D5001AB2E3 /* SuperCoolTests */,
				F771DC241C30E8D5001AB2E3 /* SuperCoolUITests */,
				F771DC031C30E8D5001AB2E3 /* Products */,
			);
			sourceTree = "<group>";
		};
		F771DC031C30E8D5001AB2E3 /* Products */ = {
			isa = PBXGroup;
			children = (
				F771DC021C30E8D5001AB2E3 /* SuperCool.app */,
				F771DC161C30E8D5001AB2E3 /* SuperCoolTests.xctest */,
				F771DC211C30E8D5001AB2E3 /* SuperCoolUITests.xctest */,
			);
			name = Products;
			sourceTree = "<group>";
		};
		F771DC041C30E8D5001AB2E3 /* SuperCool */ = {
			isa = PBXGroup;
			children = (
				F771DC051C30E8D5001AB2E3 /* AppDelegate.swift */,
				F771DC071C30E8D5001AB2E3 /* ViewController.swift */,
				F771DC091C30E8D5001AB2E3 /* Main.storyboard */,
				F771DC0C1C30E8D5001AB2E3 /* Assets.xcassets */,
				F771DC0E1C30E8D5001AB2E3 /* LaunchScreen.storyboard */,
				F771DC111C30E8D5001AB2E3 /* Info.plist */,
			);
			path = SuperCool;
			sourceTree = "<group>";
		};
		F771DC191C30E8D5001AB2E3 /* SuperCoolTests */ = {
			isa = PBXGroup;
			children = (
				F771DC1A1C30E8D5001AB2E3 /* SuperCoolTests.swift */,
				F771DC1C1C30E8D5001AB2E3 /* Info.plist */,
			);
			path = SuperCoolTests;
			sourceTree = "<group>";
		};
		F771DC241C30E8D5001AB2E3 /* SuperCoolUITests */ = {
			isa = PBXGroup;
			children = (
				F771DC251C30E8D5001AB2E3 /* SuperCoolUITests.swift */,
				F771DC271C30E8D5001AB2E3 /* Info.plist */,
			);
			path = SuperCoolUITests;
			sourceTree = "<group>";
		};
/* End PBXGroup section */

/* Begin PBXNativeTarget section */
		F771DC011C30E8D5001AB2E3 /* SuperCool */ = {
			isa = PBXNativeTarget;
			buildConfigurationList = F771DC2A1C30E8D5001AB2E3 /* Build configuration list for PBXNativeTarget "SuperCool" */;
			buildPhases = (
				F771DBFE1C30E8D5001AB2E3 /* Sources */,
				F771DBFF1C30E8D5001AB2E3 /* Frameworks */,
				F771DC001C30E8D5001AB2E3 /* Resources */,
			);
			buildRules = (
			);
			dependencies = (
			);
			name = SuperCool;
			productName = SuperCool;
			productReference = F771DC021C30E8D5001AB2E3 /* SuperCool.app */;
			productType = "com.apple.product-type.application";
		};
		F771DC151C30E8D5001AB2E3 /* SuperCoolTests */ = {
			isa = PBXNativeTarget;
			buildConfigurationList = F771DC2D1C30E8D5001AB2E3 /* Build configuration list for PBXNativeTarget "SuperCoolTests" */;
			buildPhases = (
				F771DC121C30E8D5001AB2E3 /* Sources */,
				F771DC131C30E8D5001AB2E3 /* Frameworks */,
				F771DC141C30E8D5001AB2E3 /* Resources */,
			);
			buildRules = (
			);
			dependencies = (
				F771DC181C30E8D5001AB2E3 /* PBXTargetDependency */,
			);
			name = SuperCoolTests;
			productName = SuperCoolTests;
			productReference = F771DC161C30E8D5001AB2E3 /* SuperCoolTests.xctest */;
			productType = "com.apple.product-type.bundle.unit-test";
		};
		F771DC201C30E8D5001AB2E3 /* SuperCoolUITests */ = {
			isa = PBXNativeTarget;
			buildConfigurationList = F771DC301C30E8D5001AB2E3 /* Build configuration list for PBXNativeTarget "SuperCoolUITests" */;
			buildPhases = (
				F771DC1D1C30E8D5001AB2E3 /* Sources */,
				F771DC1E1C30E8D5001AB2E3 /* Frameworks */,
				F771DC1F1C30E8D5001AB2E3 /* Resources */,
			);
			buildRules = (
			);
			dependencies = (
				F771DC231C30E8D5001AB2E3 /* PBXTargetDependency */,
			);
			name = SuperCoolUITests;
			productName = SuperCoolUITests;
			productReference = F771DC211C30E8D5001AB2E3 /* SuperCoolUITests.xctest */;
			productType = "com.apple.product-type.bundle.ui-testing";
		};
/* End PBXNativeTarget section */

/* Begin PBXProject section */
		F771DBFA1C30E8D5001AB2E3 /* Project object */ = {
			isa = PBXProject;
			attributes = {
				LastSwiftUpdateCheck = 0720;
				LastUpgradeCheck = 0720;
				ORGANIZATIONNAME = "Visakan Jayakumar";
				TargetAttributes = {
					F771DC011C30E8D5001AB2E3 = {
						CreatedOnToolsVersion = 7.2;
					};
					F771DC151C30E8D5001AB2E3 = {
						CreatedOnToolsVersion = 7.2;
						TestTargetID = F771DC011C30E8D5001AB2E3;
					};
					F771DC201C30E8D5001AB2E3 = {
						CreatedOnToolsVersion = 7.2;
						TestTargetID = F771DC011C30E8D5001AB2E3;
					};
				};
			};
			buildConfigurationList = F771DBFD1C30E8D5001AB2E3 /* Build configuration list for PBXProject "SuperCool" */;
			compatibilityVersion = "Xcode 3.2";
			developmentRegion = English;
			hasScannedForEncodings = 0;
			knownRegions = (
				en,
				Base,
			);
			mainGroup = F771DBF91C30E8D5001AB2E3;
			productRefGroup = F771DC031C30E8D5001AB2E3 /* Products */;
			projectDirPath = "";
			projectRoot = "";
			targets = (
				F771DC011C30E8D5001AB2E3 /* SuperCool */,
				F771DC151C30E8D5001AB2E3 /* SuperCoolTests */,
				F771DC201C30E8D5001AB2E3 /* SuperCoolUITests */,
			);
		};
/* End PBXProject section */

/* Begin PBXResourcesBuildPhase section */
		F771DC001C30E8D5001AB2E3 /* Resources */ = {
			isa = PBXResourcesBuildPhase;
			buildActionMask = 2147483647;
			files = (
				F771DC101C30E8D5001AB2E3 /* LaunchScreen.storyboard in Resources */,
				F771DC0D1C30E8D5001AB2E3 /* Assets.xcassets in Resources */,
				F771DC0B1C30E8D5001AB2E3 /* Main.storyboard in Resources */,
			);
			runOnlyForDeploymentPostprocessing = 0;
		};
		F771DC141C30E8D5001AB2E3 /* Resources */ = {
			isa = PBXResourcesBuildPhase;
			buildActionMask = 2147483647;
			files = (
			);
			runOnlyForDeploymentPostprocessing = 0;
		};
		F771DC1F1C30E8D5001AB2E3 /* Resources */ = {
			isa = PBXResourcesBuildPhase;
			buildActionMask = 2147483647;
			files = (
			);
			runOnlyForDeploymentPostprocessing = 0;
		};
/* End PBXResourcesBuildPhase section */

/* Begin PBXSourcesBuildPhase section */
		F771DBFE1C30E8D5001AB2E3 /* Sources */ = {
			isa = PBXSourcesBuildPhase;
			buildActionMask = 2147483647;
			files = (
				F771DC081C30E8D5001AB2E3 /* ViewController.swift in Sources */,
				F771DC061C30E8D5001AB2E3 /* AppDelegate.swift in Sources */,
			);
			runOnlyForDeploymentPostprocessing = 0;
		};
		F771DC121C30E8D5001AB2E3 /* Sources */ = {
			isa = PBXSourcesBuildPhase;
			buildActionMask = 2147483647;
			files = (
				F771DC1B1C30E8D5001AB2E3 /* SuperCoolTests.swift in Sources */,
			);
			runOnlyForDeploymentPostprocessing = 0;
		};
		F771DC1D1C30E8D5001AB2E3 /* Sources */ = {
			isa = PBXSourcesBuildPhase;
			buildActionMask = 2147483647;
			files = (
				F771DC261C30E8D5001AB2E3 /* SuperCoolUITests.swift in Sources */,
			);
			runOnlyForDeploymentPostprocessing = 0;
		};
/* End PBXSourcesBuildPhase section */

/* Begin PBXTargetDependency section */
		F771DC181C30E8D5001AB2E3 /* PBXTargetDependency */ = {
			isa = PBXTargetDependency;
			target = F771DC011C30E8D5001AB2E3 /* SuperCool */;
			targetProxy = F771DC171C30E8D5001AB2E3 /* PBXContainerItemProxy */;
		};
		F771DC231C30E8D5001AB2E3 /* PBXTargetDependency */ = {
			isa = PBXTargetDependency;
			target = F771DC011C30E8D5001AB2E3 /* SuperCool */;
			targetProxy = F771DC221C30E8D5001AB2E3 /* PBXContainerItemProxy */;
		};
/* End PBXTargetDependency section */

/* Begin PBXVariantGroup section */
		F771DC091C30E8D5001AB2E3 /* Main.storyboard */ = {
			isa = PBXVariantGroup;
			children = (
				F771DC0A1C30E8D5001AB2E3 /* Base */,
			);
			name = Main.storyboard;
			sourceTree = "<group>";
		};
		F771DC0E1C30E8D5001AB2E3 /* LaunchScreen.storyboard */ = {
			isa = PBXVariantGroup;
			children = (
				F771DC0F1C30E8D5001AB2E3 /* Base */,
			);
			name = LaunchScreen.storyboard;
			sourceTree = "<group>";
		};
/* End PBXVariantGroup section */

/* Begin XCBuildConfiguration section */
		F771DC281C30E8D5001AB2E3 /* Debug */ = {
			isa = XCBuildConfiguration;
			buildSettings = {
				ALWAYS_SEARCH_USER_PATHS = NO;
				CLANG_CXX_LANGUAGE_STANDARD = "gnu++0x";
				CLANG_CXX_LIBRARY = "libc++";
				CLANG_ENABLE_MODULES = YES;
				CLANG_ENABLE_OBJC_ARC = YES;
				CLANG_WARN_BOOL_CONVERSION = YES;
				CLANG_WARN_CONSTANT_CONVERSION = YES;
				CLANG_WARN_DIRECT_OBJC_ISA_USAGE = YES_ERROR;
				CLANG_WARN_EMPTY_BODY = YES;
				CLANG_WARN_ENUM_CONVERSION = YES;
				CLANG_WARN_INT_CONVERSION = YES;
				CLANG_WARN_OBJC_ROOT_CLASS = YES_ERROR;
				CLANG_WARN_UNREACHABLE_CODE = YES;
				CLANG_WARN__DUPLICATE_METHOD_MATCH = YES;
				"CODE_SIGN_IDENTITY[sdk=iphoneos*]" = "iPhone Developer";
				COPY_PHASE_STRIP = NO;
				DEBUG_INFORMATION_FORMAT = dwarf;
				ENABLE_STRICT_OBJC_MSGSEND = YES;
				ENABLE_TESTABILITY = YES;
				GCC_C_LANGUAGE_STANDARD = gnu99;
				GCC_DYNAMIC_NO_PIC = NO;
				GCC_NO_COMMON_BLOCKS = YES;
				GCC_OPTIMIZATION_LEVEL = 0;
				GCC_PREPROCESSOR_DEFINITIONS = (
					"DEBUG=1",
					"$(inherited)",
				);
				GCC_WARN_64_TO_32_BIT_CONVERSION = YES;
				GCC_WARN_ABOUT_RETURN_TYPE = YES_ERROR;
				GCC_WARN_UNDECLARED_SELECTOR = YES;
				GCC_WARN_UNINITIALIZED_AUTOS = YES_AGGRESSIVE;
				GCC_WARN_UNUSED_FUNCTION = YES;
				GCC_WARN_UNUSED_VARIABLE = YES;
				IPHONEOS_DEPLOYMENT_TARGET = 9.2;
				MTL_ENABLE_DEBUG_INFO = YES;
				ONLY_ACTIVE_ARCH = YES;
				SDKROOT = iphoneos;
				SWIFT_OPTIMIZATION_LEVEL = "-Onone";
			};
			name = Debug;
		};
		F771DC291C30E8D5001AB2E3 /* Release */ = {
			isa = XCBuildConfiguration;
			buildSettings = {
				ALWAYS_SEARCH_USER_PATHS = NO;
				CLANG_CXX_LANGUAGE_STANDARD = "gnu++0x";
				CLANG_CXX_LIBRARY = "libc++";
				CLANG_ENABLE_MODULES = YES;
				CLANG_ENABLE_OBJC_ARC = YES;
				CLANG_WARN_BOOL_CONVERSION = YES;
				CLANG_WARN_CONSTANT_CONVERSION = YES;
				CLANG_WARN_DIRECT_OBJC_ISA_USAGE = YES_ERROR;
				CLANG_WARN_EMPTY_BODY = YES;
				CLANG_WARN_ENUM_CONVERSION = YES;
				CLANG_WARN_INT_CONVERSION = YES;
				CLANG_WARN_OBJC_ROOT_CLASS = YES_ERROR;
				CLANG_WARN_UNREACHABLE_CODE = YES;
				CLANG_WARN__DUPLICATE_METHOD_MATCH = YES;
				"CODE_SIGN_IDENTITY[sdk=iphoneos*]" = "iPhone Developer";
				COPY_PHASE_STRIP = NO;
				DEBUG_INFORMATION_FORMAT = "dwarf-with-dsym";
				ENABLE_NS_ASSERTIONS = NO;
				ENABLE_STRICT_OBJC_MSGSEND = YES;
				GCC_C_LANGUAGE_STANDARD = gnu99;
				GCC_NO_COMMON_BLOCKS = YES;
				GCC_WARN_64_TO_32_BIT_CONVERSION = YES;
				GCC_WARN_ABOUT_RETURN_TYPE = YES_ERROR;
				GCC_WARN_UNDECLARED_SELECTOR = YES;
				GCC_WARN_UNINITIALIZED_AUTOS = YES_AGGRESSIVE;
				GCC_WARN_UNUSED_FUNCTION = YES;
				GCC_WARN_UNUSED_VARIABLE = YES;
				IPHONEOS_DEPLOYMENT_TARGET = 9.2;
				MTL_ENABLE_DEBUG_INFO = NO;
				SDKROOT = iphoneos;
				VALIDATE_PRODUCT = YES;
			};
			name = Release;
		};
		F771DC2B1C30E8D5001AB2E3 /* Debug */ = {
			isa = XCBuildConfiguration;
			buildSettings = {
				ASSETCATALOG_COMPILER_APPICON_NAME = AppIcon;
				INFOPLIST_FILE = SuperCool/Info.plist;
				LD_RUNPATH_SEARCH_PATHS = "$(inherited) @executable_path/Frameworks";
				PRODUCT_BUNDLE_IDENTIFIER = com.visakanj.SuperCool;
				PRODUCT_NAME = "$(TARGET_NAME)";
			};
			name = Debug;
		};
		F771DC2C1C30E8D5001AB2E3 /* Release */ = {
			isa = XCBuildConfiguration;
			buildSettings = {
				ASSETCATALOG_COMPILER_APPICON_NAME = AppIcon;
				INFOPLIST_FILE = SuperCool/Info.plist;
				LD_RUNPATH_SEARCH_PATHS = "$(inherited) @executable_path/Frameworks";
				PRODUCT_BUNDLE_IDENTIFIER = com.visakanj.SuperCool;
				PRODUCT_NAME = "$(TARGET_NAME)";
			};
			name = Release;
		};
		F771DC2E1C30E8D5001AB2E3 /* Debug */ = {
			isa = XCBuildConfiguration;
			buildSettings = {
				BUNDLE_LOADER = "$(TEST_HOST)";
				INFOPLIST_FILE = SuperCoolTests/Info.plist;
				LD_RUNPATH_SEARCH_PATHS = "$(inherited) @executable_path/Frameworks @loader_path/Frameworks";
				PRODUCT_BUNDLE_IDENTIFIER = com.visakanj.SuperCoolTests;
				PRODUCT_NAME = "$(TARGET_NAME)";
				TEST_HOST = "$(BUILT_PRODUCTS_DIR)/SuperCool.app/SuperCool";
			};
			name = Debug;
		};
		F771DC2F1C30E8D5001AB2E3 /* Release */ = {
			isa = XCBuildConfiguration;
			buildSettings = {
				BUNDLE_LOADER = "$(TEST_HOST)";
				INFOPLIST_FILE = SuperCoolTests/Info.plist;
				LD_RUNPATH_SEARCH_PATHS = "$(inherited) @executable_path/Frameworks @loader_path/Frameworks";
				PRODUCT_BUNDLE_IDENTIFIER = com.visakanj.SuperCoolTests;
				PRODUCT_NAME = "$(TARGET_NAME)";
				TEST_HOST = "$(BUILT_PRODUCTS_DIR)/SuperCool.app/SuperCool";
			};
			name = Release;
		};
		F771DC311C30E8D5001AB2E3 /* Debug */ = {
			isa = XCBuildConfiguration;
			buildSettings = {
				INFOPLIST_FILE = SuperCoolUITests/Info.plist;
				LD_RUNPATH_SEARCH_PATHS = "$(inherited) @executable_path/Frameworks @loader_path/Frameworks";
				PRODUCT_BUNDLE_IDENTIFIER = com.visakanj.SuperCoolUITests;
				PRODUCT_NAME = "$(TARGET_NAME)";
				TEST_TARGET_NAME = SuperCool;
				USES_XCTRUNNER = YES;
			};
			name = Debug;
		};
		F771DC321C30E8D5001AB2E3 /* Release */ = {
			isa = XCBuildConfiguration;
			buildSettings = {
				INFOPLIST_FILE = SuperCoolUITests/Info.plist;
				LD_RUNPATH_SEARCH_PATHS = "$(inherited) @executable_path/Frameworks @loader_path/Frameworks";
				PRODUCT_BUNDLE_IDENTIFIER = com.visakanj.SuperCoolUITests;
				PRODUCT_NAME = "$(TARGET_NAME)";
				TEST_TARGET_NAME = SuperCool;
				USES_XCTRUNNER = YES;
			};
			name = Release;
		};
/* End XCBuildConfiguration section */

/* Begin XCConfigurationList section */
		F771DBFD1C30E8D5001AB2E3 /* Build configuration list for PBXProject "SuperCool" */ = {
			isa = XCConfigurationList;
			buildConfigurations = (
				F771DC281C30E8D5001AB2E3 /* Debug */,
				F771DC291C30E8D5001AB2E3 /* Release */,
			);
			defaultConfigurationIsVisible = 0;
			defaultConfigurationName = Release;
		};
		F771DC2A1C30E8D5001AB2E3 /* Build configuration list for PBXNativeTarget "SuperCool" */ = {
			isa = XCConfigurationList;
			buildConfigurations = (
				F771DC2B1C30E8D5001AB2E3 /* Debug */,
				F771DC2C1C30E8D5001AB2E3 /* Release */,
			);
			defaultConfigurationIsVisible = 0;
		};
		F771DC2D1C30E8D5001AB2E3 /* Build configuration list for PBXNativeTarget "SuperCoolTests" */ = {
			isa = XCConfigurationList;
			buildConfigurations = (
				F771DC2E1C30E8D5001AB2E3 /* Debug */,
				F771DC2F1C30E8D5001AB2E3 /* Release */,
			);
			defaultConfigurationIsVisible = 0;
		};
		F771DC301C30E8D5001AB2E3 /* Build configuration list for PBXNativeTarget "SuperCoolUITests" */ = {
			isa = XCConfigurationList;
			buildConfigurations = (
				F771DC311C30E8D5001AB2E3 /* Debug */,
				F771DC321C30E8D5001AB2E3 /* Release */,
			);
			defaultConfigurationIsVisible = 0;
		};
/* End XCConfigurationList section */
	};
	rootObject = F771DBFA1C30E8D5001AB2E3 /* Project object */;
}
